
Microsoft Visual Studio Solution File, Format Version 12.00
# Visual Studio Version 17
VisualStudioVersion = 17.14.36414.22 d17.14
MinimumVisualStudioVersion = 10.0.40219.1
Project("{FAE04EC0-301F-11D3-BF4B-00C04F79EFBC}") = "Практичкеская работа №3", "Практичкеская работа №3.csproj", "{22134AD1-D278-4DED-A80C-1387D82C1C63}"
EndProject
Global
	GlobalSection(SolutionConfigurationPlatforms) = preSolution
		Debug|Any CPU = Debug|Any CPU
		Release|Any CPU = Release|Any CPU
	EndGlobalSection
	GlobalSection(ProjectConfigurationPlatforms) = postSolution
		{22134AD1-D278-4DED-A80C-1387D82C1C63}.Debug|Any CPU.ActiveCfg = Debug|Any CPU
		{22134AD1-D278-4DED-A80C-1387D82C1C63}.Debug|Any CPU.Build.0 = Debug|Any CPU
		{22134AD1-D278-4DED-A80C-1387D82C1C63}.Release|Any CPU.ActiveCfg = Release|Any CPU
		{22134AD1-D278-4DED-A80C-1387D82C1C63}.Release|Any CPU.Build.0 = Release|Any CPU
	EndGlobalSection
	GlobalSection(SolutionProperties) = preSolution
		HideSolutionNode = FALSE
	EndGlobalSection
	GlobalSection(ExtensibilityGlobals) = postSolution
		SolutionGuid = {CDF29B2D-6FD9-4531-9692-DFA17D255BA7}
	EndGlobalSection
EndGlobal
